
Microsoft Visual Studio Solution File, Format Version 11.00
# Visual Studio 2010
Project("{6989167D-11E4-40FE-8C1A-2192A86A7E90}") = "PRuEE_PROJEKAT", "PRuEE_PROJEKAT\PRuEE_PROJEKAT.vfproj", "{580D1179-A084-4DA6-867F-EC6C6FD58F02}"
EndProject
Global
	GlobalSection(SolutionConfigurationPlatforms) = preSolution
		Debug|Win32 = Debug|Win32
		Release|Win32 = Release|Win32
	EndGlobalSection
	GlobalSection(ProjectConfigurationPlatforms) = postSolution
		{580D1179-A084-4DA6-867F-EC6C6FD58F02}.Debug|Win32.ActiveCfg = Debug|Win32
		{580D1179-A084-4DA6-867F-EC6C6FD58F02}.Debug|Win32.Build.0 = Debug|Win32
		{580D1179-A084-4DA6-867F-EC6C6FD58F02}.Release|Win32.ActiveCfg = Release|Win32
		{580D1179-A084-4DA6-867F-EC6C6FD58F02}.Release|Win32.Build.0 = Release|Win32
	EndGlobalSection
	GlobalSection(SolutionProperties) = preSolution
		HideSolutionNode = FALSE
	EndGlobalSection
EndGlobal
